
Microsoft Visual Studio Solution File, Format Version 12.00
# Visual Studio 2012
Project("{FAE04EC0-301F-11D3-BF4B-00C04F79EFBC}") = "Pi_projekt", "Pi_projekt\Pi_projekt.csproj", "{9872DAD3-A555-42BE-B5B2-60DCF9F01CE7}"
EndProject
Global
	GlobalSection(SolutionConfigurationPlatforms) = preSolution
		Debug|Any CPU = Debug|Any CPU
		Release|Any CPU = Release|Any CPU
	EndGlobalSection
	GlobalSection(ProjectConfigurationPlatforms) = postSolution
		{9872DAD3-A555-42BE-B5B2-60DCF9F01CE7}.Debug|Any CPU.ActiveCfg = Debug|Any CPU
		{9872DAD3-A555-42BE-B5B2-60DCF9F01CE7}.Debug|Any CPU.Build.0 = Debug|Any CPU
		{9872DAD3-A555-42BE-B5B2-60DCF9F01CE7}.Release|Any CPU.ActiveCfg = Release|Any CPU
		{9872DAD3-A555-42BE-B5B2-60DCF9F01CE7}.Release|Any CPU.Build.0 = Release|Any CPU
	EndGlobalSection
	GlobalSection(SolutionProperties) = preSolution
		HideSolutionNode = FALSE
	EndGlobalSection
EndGlobal
